// !$*UTF8*$!
{
	archiveVersion = 1;
	classes = {
	};
	objectVersion = 51;
	objects = {

/* Begin PBXBuildFile section */
		133F6C3C25EF15D2009FE29C /* Configs.swift in Sources */ = {isa = PBXBuildFile; fileRef = 133F6C3B25EF15D2009FE29C /* Configs.swift */; };
		135BB3E325D88835004C1E89 /* User.swift in Sources */ = {isa = PBXBuildFile; fileRef = 135BB3E225D88835004C1E89 /* User.swift */; };
		135BB3E625D92334004C1E89 /* HomeViewController.swift in Sources */ = {isa = PBXBuildFile; fileRef = 135BB3E525D92334004C1E89 /* HomeViewController.swift */; };
		135BB3F425D931B3004C1E89 /* BottomViewController.swift in Sources */ = {isa = PBXBuildFile; fileRef = 135BB3F325D931B3004C1E89 /* BottomViewController.swift */; };
		135BB3F925D93498004C1E89 /* BottomSheetViewController.xib in Resources */ = {isa = PBXBuildFile; fileRef = 135BB3F825D93498004C1E89 /* BottomSheetViewController.xib */; };
		13C88AD025ECCA130010143C /* OnboardingViewController.swift in Sources */ = {isa = PBXBuildFile; fileRef = 13C88ACF25ECCA130010143C /* OnboardingViewController.swift */; };
		13C88ADF25ECD5A90010143C /* GothamRoundedBook_21018.ttf in Resources */ = {isa = PBXBuildFile; fileRef = 13C88AD325ECD5A10010143C /* GothamRoundedBook_21018.ttf */; };
		13C88AE025ECD5A90010143C /* GothamRounded-Medium.otf in Resources */ = {isa = PBXBuildFile; fileRef = 13C88AD425ECD5A20010143C /* GothamRounded-Medium.otf */; };
		13C88AE125ECD5A90010143C /* GothamRounded-MediumItalic.otf in Resources */ = {isa = PBXBuildFile; fileRef = 13C88AD525ECD5A30010143C /* GothamRounded-MediumItalic.otf */; };
		13C88AE225ECD5A90010143C /* GothamRounded-BookItalic.otf in Resources */ = {isa = PBXBuildFile; fileRef = 13C88AD625ECD5A30010143C /* GothamRounded-BookItalic.otf */; };
		13C88AE325ECD5A90010143C /* GothamRounded-Book.otf in Resources */ = {isa = PBXBuildFile; fileRef = 13C88AD725ECD5A40010143C /* GothamRounded-Book.otf */; };
		13C88AE425ECD5A90010143C /* GothamRounded-Bold.otf in Resources */ = {isa = PBXBuildFile; fileRef = 13C88AD825ECD5A50010143C /* GothamRounded-Bold.otf */; };
		13C88AE525ECD5A90010143C /* GothamRoundedLight_21020.ttf in Resources */ = {isa = PBXBuildFile; fileRef = 13C88AD925ECD5A50010143C /* GothamRoundedLight_21020.ttf */; };
		13C88AE625ECD5A90010143C /* GothamRoundedMedium_21022.ttf in Resources */ = {isa = PBXBuildFile; fileRef = 13C88ADA25ECD5A60010143C /* GothamRoundedMedium_21022.ttf */; };
		13C88AE725ECD5A90010143C /* GothamRounded-BoldItalic.otf in Resources */ = {isa = PBXBuildFile; fileRef = 13C88ADB25ECD5A70010143C /* GothamRounded-BoldItalic.otf */; };
		13C88AE825ECD5A90010143C /* GothamRounded-Light.otf in Resources */ = {isa = PBXBuildFile; fileRef = 13C88ADC25ECD5A80010143C /* GothamRounded-Light.otf */; };
		13C88AE925ECD5A90010143C /* GothamRounded-LightItalic.otf in Resources */ = {isa = PBXBuildFile; fileRef = 13C88ADD25ECD5A80010143C /* GothamRounded-LightItalic.otf */; };
		13C88AEA25ECD5A90010143C /* GothamRoundedBold_21016.ttf in Resources */ = {isa = PBXBuildFile; fileRef = 13C88ADE25ECD5A90010143C /* GothamRoundedBold_21016.ttf */; };
		13C88AED25ECD8EA0010143C /* SignUpViewController.swift in Sources */ = {isa = PBXBuildFile; fileRef = 13C88AEC25ECD8EA0010143C /* SignUpViewController.swift */; };
		13C88B8025ED12490010143C /* SocialManagerProtocol.swift in Sources */ = {isa = PBXBuildFile; fileRef = 13C88B7F25ED12490010143C /* SocialManagerProtocol.swift */; };
		13C88B8725ED79720010143C /* Home.storyboard in Resources */ = {isa = PBXBuildFile; fileRef = 13C88B8625ED79720010143C /* Home.storyboard */; };
		13C88B8C25EDEE0B0010143C /* Coordinates.swift in Sources */ = {isa = PBXBuildFile; fileRef = 13C88B8B25EDEE0B0010143C /* Coordinates.swift */; };
		13F7481A25D62E1D0095A89D /* AppDelegate.swift in Sources */ = {isa = PBXBuildFile; fileRef = 13F7481925D62E1D0095A89D /* AppDelegate.swift */; };
		13F7481C25D62E1D0095A89D /* SceneDelegate.swift in Sources */ = {isa = PBXBuildFile; fileRef = 13F7481B25D62E1D0095A89D /* SceneDelegate.swift */; };
		13F7481E25D62E1D0095A89D /* LoginViewController.swift in Sources */ = {isa = PBXBuildFile; fileRef = 13F7481D25D62E1D0095A89D /* LoginViewController.swift */; };
		13F7482125D62E1D0095A89D /* Main.storyboard in Resources */ = {isa = PBXBuildFile; fileRef = 13F7481F25D62E1D0095A89D /* Main.storyboard */; };
		13F7482325D62E200095A89D /* Assets.xcassets in Resources */ = {isa = PBXBuildFile; fileRef = 13F7482225D62E200095A89D /* Assets.xcassets */; };
		13F7482625D62E200095A89D /* LaunchScreen.storyboard in Resources */ = {isa = PBXBuildFile; fileRef = 13F7482425D62E200095A89D /* LaunchScreen.storyboard */; };
		13F7483E25D63BD60095A89D /* Extensions.swift in Sources */ = {isa = PBXBuildFile; fileRef = 13F7483D25D63BD60095A89D /* Extensions.swift */; };
		13F7485725D670B20095A89D /* GoogleService-Info.plist in Resources */ = {isa = PBXBuildFile; fileRef = 13F7485625D670B20095A89D /* GoogleService-Info.plist */; };
		6EBCB606BB5FBC04CD068A3E /* Pods_UniversityConnect.framework in Frameworks */ = {isa = PBXBuildFile; fileRef = DEDC3B55AACA106FE163357C /* Pods_UniversityConnect.framework */; };
/* End PBXBuildFile section */

/* Begin PBXFileReference section */
		027E9B1785E5E1EBB0CB3CF9 /* Pods-UniversityConnect.debug.xcconfig */ = {isa = PBXFileReference; includeInIndex = 1; lastKnownFileType = text.xcconfig; name = "Pods-UniversityConnect.debug.xcconfig"; path = "Target Support Files/Pods-UniversityConnect/Pods-UniversityConnect.debug.xcconfig"; sourceTree = "<group>"; };
		0946065D55C5AFA318F2426F /* Pods-UniversityConnect.release.xcconfig */ = {isa = PBXFileReference; includeInIndex = 1; lastKnownFileType = text.xcconfig; name = "Pods-UniversityConnect.release.xcconfig"; path = "Target Support Files/Pods-UniversityConnect/Pods-UniversityConnect.release.xcconfig"; sourceTree = "<group>"; };
		133F6C3B25EF15D2009FE29C /* Configs.swift */ = {isa = PBXFileReference; lastKnownFileType = sourcecode.swift; path = Configs.swift; sourceTree = "<group>"; };
		135BB3E225D88835004C1E89 /* User.swift */ = {isa = PBXFileReference; lastKnownFileType = sourcecode.swift; path = User.swift; sourceTree = "<group>"; };
		135BB3E525D92334004C1E89 /* HomeViewController.swift */ = {isa = PBXFileReference; lastKnownFileType = sourcecode.swift; path = HomeViewController.swift; sourceTree = "<group>"; };
		135BB3F325D931B3004C1E89 /* BottomViewController.swift */ = {isa = PBXFileReference; lastKnownFileType = sourcecode.swift; path = BottomViewController.swift; sourceTree = "<group>"; };
		135BB3F825D93498004C1E89 /* BottomSheetViewController.xib */ = {isa = PBXFileReference; fileEncoding = 4; lastKnownFileType = file.xib; path = BottomSheetViewController.xib; sourceTree = "<group>"; };
		13C88ACF25ECCA130010143C /* OnboardingViewController.swift */ = {isa = PBXFileReference; lastKnownFileType = sourcecode.swift; path = OnboardingViewController.swift; sourceTree = "<group>"; };
		13C88AD325ECD5A10010143C /* GothamRoundedBook_21018.ttf */ = {isa = PBXFileReference; lastKnownFileType = file; path = GothamRoundedBook_21018.ttf; sourceTree = "<group>"; };
		13C88AD425ECD5A20010143C /* GothamRounded-Medium.otf */ = {isa = PBXFileReference; lastKnownFileType = file; path = "GothamRounded-Medium.otf"; sourceTree = "<group>"; };
		13C88AD525ECD5A30010143C /* GothamRounded-MediumItalic.otf */ = {isa = PBXFileReference; lastKnownFileType = file; path = "GothamRounded-MediumItalic.otf"; sourceTree = "<group>"; };
		13C88AD625ECD5A30010143C /* GothamRounded-BookItalic.otf */ = {isa = PBXFileReference; lastKnownFileType = file; path = "GothamRounded-BookItalic.otf"; sourceTree = "<group>"; };
		13C88AD725ECD5A40010143C /* GothamRounded-Book.otf */ = {isa = PBXFileReference; lastKnownFileType = file; path = "GothamRounded-Book.otf"; sourceTree = "<group>"; };
		13C88AD825ECD5A50010143C /* GothamRounded-Bold.otf */ = {isa = PBXFileReference; lastKnownFileType = file; path = "GothamRounded-Bold.otf"; sourceTree = "<group>"; };
		13C88AD925ECD5A50010143C /* GothamRoundedLight_21020.ttf */ = {isa = PBXFileReference; lastKnownFileType = file; path = GothamRoundedLight_21020.ttf; sourceTree = "<group>"; };
		13C88ADA25ECD5A60010143C /* GothamRoundedMedium_21022.ttf */ = {isa = PBXFileReference; lastKnownFileType = file; path = GothamRoundedMedium_21022.ttf; sourceTree = "<group>"; };
		13C88ADB25ECD5A70010143C /* GothamRounded-BoldItalic.otf */ = {isa = PBXFileReference; lastKnownFileType = file; path = "GothamRounded-BoldItalic.otf"; sourceTree = "<group>"; };
		13C88ADC25ECD5A80010143C /* GothamRounded-Light.otf */ = {isa = PBXFileReference; lastKnownFileType = file; path = "GothamRounded-Light.otf"; sourceTree = "<group>"; };
		13C88ADD25ECD5A80010143C /* GothamRounded-LightItalic.otf */ = {isa = PBXFileReference; lastKnownFileType = file; path = "GothamRounded-LightItalic.otf"; sourceTree = "<group>"; };
		13C88ADE25ECD5A90010143C /* GothamRoundedBold_21016.ttf */ = {isa = PBXFileReference; lastKnownFileType = file; path = GothamRoundedBold_21016.ttf; sourceTree = "<group>"; };
		13C88AEC25ECD8EA0010143C /* SignUpViewController.swift */ = {isa = PBXFileReference; lastKnownFileType = sourcecode.swift; path = SignUpViewController.swift; sourceTree = "<group>"; };
		13C88B7F25ED12490010143C /* SocialManagerProtocol.swift */ = {isa = PBXFileReference; lastKnownFileType = sourcecode.swift; path = SocialManagerProtocol.swift; sourceTree = "<group>"; };
		13C88B8625ED79720010143C /* Home.storyboard */ = {isa = PBXFileReference; lastKnownFileType = file.storyboard; path = Home.storyboard; sourceTree = "<group>"; };
		13C88B8B25EDEE0B0010143C /* Coordinates.swift */ = {isa = PBXFileReference; lastKnownFileType = sourcecode.swift; path = Coordinates.swift; sourceTree = "<group>"; };
		13F7481625D62E1D0095A89D /* UniversityConnect.app */ = {isa = PBXFileReference; explicitFileType = wrapper.application; includeInIndex = 0; path = UniversityConnect.app; sourceTree = BUILT_PRODUCTS_DIR; };
		13F7481925D62E1D0095A89D /* AppDelegate.swift */ = {isa = PBXFileReference; lastKnownFileType = sourcecode.swift; path = AppDelegate.swift; sourceTree = "<group>"; };
		13F7481B25D62E1D0095A89D /* SceneDelegate.swift */ = {isa = PBXFileReference; lastKnownFileType = sourcecode.swift; path = SceneDelegate.swift; sourceTree = "<group>"; };
		13F7481D25D62E1D0095A89D /* LoginViewController.swift */ = {isa = PBXFileReference; lastKnownFileType = sourcecode.swift; path = LoginViewController.swift; sourceTree = "<group>"; };
		13F7482025D62E1D0095A89D /* Base */ = {isa = PBXFileReference; lastKnownFileType = file.storyboard; name = Base; path = Base.lproj/Main.storyboard; sourceTree = "<group>"; };
		13F7482225D62E200095A89D /* Assets.xcassets */ = {isa = PBXFileReference; lastKnownFileType = folder.assetcatalog; path = Assets.xcassets; sourceTree = "<group>"; };
		13F7482525D62E200095A89D /* Base */ = {isa = PBXFileReference; lastKnownFileType = file.storyboard; name = Base; path = Base.lproj/LaunchScreen.storyboard; sourceTree = "<group>"; };
		13F7482725D62E200095A89D /* Info.plist */ = {isa = PBXFileReference; lastKnownFileType = text.plist.xml; path = Info.plist; sourceTree = "<group>"; };
		13F7483D25D63BD60095A89D /* Extensions.swift */ = {isa = PBXFileReference; lastKnownFileType = sourcecode.swift; path = Extensions.swift; sourceTree = "<group>"; };
		13F7485625D670B20095A89D /* GoogleService-Info.plist */ = {isa = PBXFileReference; fileEncoding = 4; lastKnownFileType = text.plist.xml; path = "GoogleService-Info.plist"; sourceTree = "<group>"; };
		DEDC3B55AACA106FE163357C /* Pods_UniversityConnect.framework */ = {isa = PBXFileReference; explicitFileType = wrapper.framework; includeInIndex = 0; path = Pods_UniversityConnect.framework; sourceTree = BUILT_PRODUCTS_DIR; };
/* End PBXFileReference section */

/* Begin PBXFrameworksBuildPhase section */
		13F7481325D62E1D0095A89D /* Frameworks */ = {
			isa = PBXFrameworksBuildPhase;
			buildActionMask = 2147483647;
			files = (
				6EBCB606BB5FBC04CD068A3E /* Pods_UniversityConnect.framework in Frameworks */,
			);
			runOnlyForDeploymentPostprocessing = 0;
		};
/* End PBXFrameworksBuildPhase section */

/* Begin PBXGroup section */
		133F6C3A25EF15B9009FE29C /* Misc */ = {
			isa = PBXGroup;
			children = (
				133F6C3B25EF15D2009FE29C /* Configs.swift */,
			);
			path = Misc;
			sourceTree = "<group>";
		};
		135BB3FC25D93531004C1E89 /* BottomSheet */ = {
			isa = PBXGroup;
			children = (
				135BB3F825D93498004C1E89 /* BottomSheetViewController.xib */,
				135BB3F325D931B3004C1E89 /* BottomViewController.swift */,
			);
			path = BottomSheet;
			sourceTree = "<group>";
		};
		13C88AD225ECD54B0010143C /* Fonts */ = {
			isa = PBXGroup;
			children = (
				13C88AD825ECD5A50010143C /* GothamRounded-Bold.otf */,
				13C88ADB25ECD5A70010143C /* GothamRounded-BoldItalic.otf */,
				13C88AD725ECD5A40010143C /* GothamRounded-Book.otf */,
				13C88AD625ECD5A30010143C /* GothamRounded-BookItalic.otf */,
				13C88ADC25ECD5A80010143C /* GothamRounded-Light.otf */,
				13C88ADD25ECD5A80010143C /* GothamRounded-LightItalic.otf */,
				13C88AD425ECD5A20010143C /* GothamRounded-Medium.otf */,
				13C88AD525ECD5A30010143C /* GothamRounded-MediumItalic.otf */,
				13C88ADE25ECD5A90010143C /* GothamRoundedBold_21016.ttf */,
				13C88AD325ECD5A10010143C /* GothamRoundedBook_21018.ttf */,
				13C88AD925ECD5A50010143C /* GothamRoundedLight_21020.ttf */,
				13C88ADA25ECD5A60010143C /* GothamRoundedMedium_21022.ttf */,
			);
			path = Fonts;
			sourceTree = "<group>";
		};
		13C88B8A25EDBE040010143C /* Onboarding */ = {
			isa = PBXGroup;
			children = (
				13F7481D25D62E1D0095A89D /* LoginViewController.swift */,
				13F7481F25D62E1D0095A89D /* Main.storyboard */,
				13C88ACF25ECCA130010143C /* OnboardingViewController.swift */,
				13C88AEC25ECD8EA0010143C /* SignUpViewController.swift */,
			);
			path = Onboarding;
			sourceTree = "<group>";
		};
		13F7480D25D62E1D0095A89D = {
			isa = PBXGroup;
			children = (
				13F7481825D62E1D0095A89D /* UniversityConnect */,
				13F7481725D62E1D0095A89D /* Products */,
				514158E663B1E03C03941259 /* Pods */,
				40ACA6DD8BF3A194C9D45B60 /* Frameworks */,
			);
			sourceTree = "<group>";
		};
		13F7481725D62E1D0095A89D /* Products */ = {
			isa = PBXGroup;
			children = (
				13F7481625D62E1D0095A89D /* UniversityConnect.app */,
			);
			name = Products;
			sourceTree = "<group>";
		};
		13F7481825D62E1D0095A89D /* UniversityConnect */ = {
			isa = PBXGroup;
			children = (
				133F6C3A25EF15B9009FE29C /* Misc */,
				13C88B8A25EDBE040010143C /* Onboarding */,
				13C88AD225ECD54B0010143C /* Fonts */,
				135BB3FC25D93531004C1E89 /* BottomSheet */,
				13F7483C25D63BC70095A89D /* Extensions */,
				13F7485625D670B20095A89D /* GoogleService-Info.plist */,
				13F7481925D62E1D0095A89D /* AppDelegate.swift */,
				13F7481B25D62E1D0095A89D /* SceneDelegate.swift */,
				13F7482225D62E200095A89D /* Assets.xcassets */,
				13F7482425D62E200095A89D /* LaunchScreen.storyboard */,
				13F7482725D62E200095A89D /* Info.plist */,
				135BB3E225D88835004C1E89 /* User.swift */,
				135BB3E525D92334004C1E89 /* HomeViewController.swift */,
				13C88B7F25ED12490010143C /* SocialManagerProtocol.swift */,
				13C88B8625ED79720010143C /* Home.storyboard */,
				13C88B8B25EDEE0B0010143C /* Coordinates.swift */,
			);
			path = UniversityConnect;
			sourceTree = "<group>";
		};
		13F7483C25D63BC70095A89D /* Extensions */ = {
			isa = PBXGroup;
			children = (
				13F7483D25D63BD60095A89D /* Extensions.swift */,
			);
			path = Extensions;
			sourceTree = "<group>";
		};
		40ACA6DD8BF3A194C9D45B60 /* Frameworks */ = {
			isa = PBXGroup;
			children = (
				DEDC3B55AACA106FE163357C /* Pods_UniversityConnect.framework */,
			);
			name = Frameworks;
			sourceTree = "<group>";
		};
		514158E663B1E03C03941259 /* Pods */ = {
			isa = PBXGroup;
			children = (
				027E9B1785E5E1EBB0CB3CF9 /* Pods-UniversityConnect.debug.xcconfig */,
				0946065D55C5AFA318F2426F /* Pods-UniversityConnect.release.xcconfig */,
			);
			path = Pods;
			sourceTree = "<group>";
		};
/* End PBXGroup section */

/* Begin PBXNativeTarget section */
		13F7481525D62E1D0095A89D /* UniversityConnect */ = {
			isa = PBXNativeTarget;
			buildConfigurationList = 13F7482A25D62E200095A89D /* Build configuration list for PBXNativeTarget "UniversityConnect" */;
			buildPhases = (
				A5B67383FC8372F6CD3A83CE /* [CP] Check Pods Manifest.lock */,
				13F7481225D62E1D0095A89D /* Sources */,
				13F7481325D62E1D0095A89D /* Frameworks */,
				13F7481425D62E1D0095A89D /* Resources */,
				24370934DA6D48B6BE577F3A /* [CP] Embed Pods Frameworks */,
			);
			buildRules = (
			);
			dependencies = (
			);
			name = UniversityConnect;
			productName = UniversityConnect;
			productReference = 13F7481625D62E1D0095A89D /* UniversityConnect.app */;
			productType = "com.apple.product-type.application";
		};
/* End PBXNativeTarget section */

/* Begin PBXProject section */
		13F7480E25D62E1D0095A89D /* Project object */ = {
			isa = PBXProject;
			attributes = {
				LastSwiftUpdateCheck = 1240;
				LastUpgradeCheck = 1240;
				TargetAttributes = {
					13F7481525D62E1D0095A89D = {
						CreatedOnToolsVersion = 12.4;
					};
				};
			};
			buildConfigurationList = 13F7481125D62E1D0095A89D /* Build configuration list for PBXProject "UniversityConnect" */;
			compatibilityVersion = "Xcode 9.3";
			developmentRegion = en;
			hasScannedForEncodings = 0;
			knownRegions = (
				en,
				Base,
			);
			mainGroup = 13F7480D25D62E1D0095A89D;
			productRefGroup = 13F7481725D62E1D0095A89D /* Products */;
			projectDirPath = "";
			projectRoot = "";
			targets = (
				13F7481525D62E1D0095A89D /* UniversityConnect */,
			);
		};
/* End PBXProject section */

/* Begin PBXResourcesBuildPhase section */
		13F7481425D62E1D0095A89D /* Resources */ = {
			isa = PBXResourcesBuildPhase;
			buildActionMask = 2147483647;
			files = (
				13C88AE925ECD5A90010143C /* GothamRounded-LightItalic.otf in Resources */,
				13C88AE725ECD5A90010143C /* GothamRounded-BoldItalic.otf in Resources */,
				13C88AE225ECD5A90010143C /* GothamRounded-BookItalic.otf in Resources */,
				13C88B8725ED79720010143C /* Home.storyboard in Resources */,
				13F7485725D670B20095A89D /* GoogleService-Info.plist in Resources */,
				13C88AEA25ECD5A90010143C /* GothamRoundedBold_21016.ttf in Resources */,
				13C88AE325ECD5A90010143C /* GothamRounded-Book.otf in Resources */,
				135BB3F925D93498004C1E89 /* BottomSheetViewController.xib in Resources */,
				13C88AE125ECD5A90010143C /* GothamRounded-MediumItalic.otf in Resources */,
				13C88AE825ECD5A90010143C /* GothamRounded-Light.otf in Resources */,
				13C88AE525ECD5A90010143C /* GothamRoundedLight_21020.ttf in Resources */,
				13C88ADF25ECD5A90010143C /* GothamRoundedBook_21018.ttf in Resources */,
				13F7482625D62E200095A89D /* LaunchScreen.storyboard in Resources */,
				13C88AE625ECD5A90010143C /* GothamRoundedMedium_21022.ttf in Resources */,
				13C88AE025ECD5A90010143C /* GothamRounded-Medium.otf in Resources */,
				13C88AE425ECD5A90010143C /* GothamRounded-Bold.otf in Resources */,
				13F7482325D62E200095A89D /* Assets.xcassets in Resources */,
				13F7482125D62E1D0095A89D /* Main.storyboard in Resources */,
			);
			runOnlyForDeploymentPostprocessing = 0;
		};
/* End PBXResourcesBuildPhase section */

/* Begin PBXShellScriptBuildPhase section */
		24370934DA6D48B6BE577F3A /* [CP] Embed Pods Frameworks */ = {
			isa = PBXShellScriptBuildPhase;
			buildActionMask = 2147483647;
			files = (
			);
			inputFileListPaths = (
				"${PODS_ROOT}/Target Support Files/Pods-UniversityConnect/Pods-UniversityConnect-frameworks-${CONFIGURATION}-input-files.xcfilelist",
			);
			name = "[CP] Embed Pods Frameworks";
			outputFileListPaths = (
				"${PODS_ROOT}/Target Support Files/Pods-UniversityConnect/Pods-UniversityConnect-frameworks-${CONFIGURATION}-output-files.xcfilelist",
			);
			runOnlyForDeploymentPostprocessing = 0;
			shellPath = /bin/sh;
			shellScript = "\"${PODS_ROOT}/Target Support Files/Pods-UniversityConnect/Pods-UniversityConnect-frameworks.sh\"\n";
			showEnvVarsInLog = 0;
		};
		A5B67383FC8372F6CD3A83CE /* [CP] Check Pods Manifest.lock */ = {
			isa = PBXShellScriptBuildPhase;
			buildActionMask = 2147483647;
			files = (
			);
			inputFileListPaths = (
			);
			inputPaths = (
				"${PODS_PODFILE_DIR_PATH}/Podfile.lock",
				"${PODS_ROOT}/Manifest.lock",
			);
			name = "[CP] Check Pods Manifest.lock";
			outputFileListPaths = (
			);
			outputPaths = (
				"$(DERIVED_FILE_DIR)/Pods-UniversityConnect-checkManifestLockResult.txt",
			);
			runOnlyForDeploymentPostprocessing = 0;
			shellPath = /bin/sh;
			shellScript = "diff \"${PODS_PODFILE_DIR_PATH}/Podfile.lock\" \"${PODS_ROOT}/Manifest.lock\" > /dev/null\nif [ $? != 0 ] ; then\n    # print error to STDERR\n    echo \"error: The sandbox is not in sync with the Podfile.lock. Run 'pod install' or update your CocoaPods installation.\" >&2\n    exit 1\nfi\n# This output is used by Xcode 'outputs' to avoid re-running this script phase.\necho \"SUCCESS\" > \"${SCRIPT_OUTPUT_FILE_0}\"\n";
			showEnvVarsInLog = 0;
		};
/* End PBXShellScriptBuildPhase section */

/* Begin PBXSourcesBuildPhase section */
		13F7481225D62E1D0095A89D /* Sources */ = {
			isa = PBXSourcesBuildPhase;
			buildActionMask = 2147483647;
			files = (
				135BB3F425D931B3004C1E89 /* BottomViewController.swift in Sources */,
				13F7481E25D62E1D0095A89D /* LoginViewController.swift in Sources */,
				13F7481A25D62E1D0095A89D /* AppDelegate.swift in Sources */,
				13C88AD025ECCA130010143C /* OnboardingViewController.swift in Sources */,
				13C88B8025ED12490010143C /* SocialManagerProtocol.swift in Sources */,
				133F6C3C25EF15D2009FE29C /* Configs.swift in Sources */,
				13F7481C25D62E1D0095A89D /* SceneDelegate.swift in Sources */,
				135BB3E325D88835004C1E89 /* User.swift in Sources */,
				13C88B8C25EDEE0B0010143C /* Coordinates.swift in Sources */,
				13C88AED25ECD8EA0010143C /* SignUpViewController.swift in Sources */,
				13F7483E25D63BD60095A89D /* Extensions.swift in Sources */,
				135BB3E625D92334004C1E89 /* HomeViewController.swift in Sources */,
			);
			runOnlyForDeploymentPostprocessing = 0;
		};
/* End PBXSourcesBuildPhase section */

/* Begin PBXVariantGroup section */
		13F7481F25D62E1D0095A89D /* Main.storyboard */ = {
			isa = PBXVariantGroup;
			children = (
				13F7482025D62E1D0095A89D /* Base */,
			);
			name = Main.storyboard;
			sourceTree = "<group>";
		};
		13F7482425D62E200095A89D /* LaunchScreen.storyboard */ = {
			isa = PBXVariantGroup;
			children = (
				13F7482525D62E200095A89D /* Base */,
			);
			name = LaunchScreen.storyboard;
			sourceTree = "<group>";
		};
/* End PBXVariantGroup section */

/* Begin XCBuildConfiguration section */
		13F7482825D62E200095A89D /* Debug */ = {
			isa = XCBuildConfiguration;
			buildSettings = {
				ALWAYS_SEARCH_USER_PATHS = NO;
				CLANG_ANALYZER_NONNULL = YES;
				CLANG_ANALYZER_NUMBER_OBJECT_CONVERSION = YES_AGGRESSIVE;
				CLANG_CXX_LANGUAGE_STANDARD = "gnu++14";
				CLANG_CXX_LIBRARY = "libc++";
				CLANG_ENABLE_MODULES = YES;
				CLANG_ENABLE_OBJC_ARC = YES;
				CLANG_ENABLE_OBJC_WEAK = YES;
				CLANG_WARN_BLOCK_CAPTURE_AUTORELEASING = YES;
				CLANG_WARN_BOOL_CONVERSION = YES;
				CLANG_WARN_COMMA = YES;
				CLANG_WARN_CONSTANT_CONVERSION = YES;
				CLANG_WARN_DEPRECATED_OBJC_IMPLEMENTATIONS = YES;
				CLANG_WARN_DIRECT_OBJC_ISA_USAGE = YES_ERROR;
				CLANG_WARN_DOCUMENTATION_COMMENTS = YES;
				CLANG_WARN_EMPTY_BODY = YES;
				CLANG_WARN_ENUM_CONVERSION = YES;
				CLANG_WARN_INFINITE_RECURSION = YES;
				CLANG_WARN_INT_CONVERSION = YES;
				CLANG_WARN_NON_LITERAL_NULL_CONVERSION = YES;
				CLANG_WARN_OBJC_IMPLICIT_RETAIN_SELF = YES;
				CLANG_WARN_OBJC_LITERAL_CONVERSION = YES;
				CLANG_WARN_OBJC_ROOT_CLASS = YES_ERROR;
				CLANG_WARN_QUOTED_INCLUDE_IN_FRAMEWORK_HEADER = YES;
				CLANG_WARN_RANGE_LOOP_ANALYSIS = YES;
				CLANG_WARN_STRICT_PROTOTYPES = YES;
				CLANG_WARN_SUSPICIOUS_MOVE = YES;
				CLANG_WARN_UNGUARDED_AVAILABILITY = YES_AGGRESSIVE;
				CLANG_WARN_UNREACHABLE_CODE = YES;
				CLANG_WARN__DUPLICATE_METHOD_MATCH = YES;
				COPY_PHASE_STRIP = NO;
				DEBUG_INFORMATION_FORMAT = dwarf;
				ENABLE_STRICT_OBJC_MSGSEND = YES;
				ENABLE_TESTABILITY = YES;
				GCC_C_LANGUAGE_STANDARD = gnu11;
				GCC_DYNAMIC_NO_PIC = NO;
				GCC_NO_COMMON_BLOCKS = YES;
				GCC_OPTIMIZATION_LEVEL = 0;
				GCC_PREPROCESSOR_DEFINITIONS = (
					"DEBUG=1",
					"$(inherited)",
				);
				GCC_WARN_64_TO_32_BIT_CONVERSION = YES;
				GCC_WARN_ABOUT_RETURN_TYPE = YES_ERROR;
				GCC_WARN_UNDECLARED_SELECTOR = YES;
				GCC_WARN_UNINITIALIZED_AUTOS = YES_AGGRESSIVE;
				GCC_WARN_UNUSED_FUNCTION = YES;
				GCC_WARN_UNUSED_VARIABLE = YES;
				IPHONEOS_DEPLOYMENT_TARGET = 14.4;
				MTL_ENABLE_DEBUG_INFO = INCLUDE_SOURCE;
				MTL_FAST_MATH = YES;
				ONLY_ACTIVE_ARCH = YES;
				SDKROOT = iphoneos;
				SWIFT_ACTIVE_COMPILATION_CONDITIONS = DEBUG;
				SWIFT_OPTIMIZATION_LEVEL = "-Onone";
			};
			name = Debug;
		};
		13F7482925D62E200095A89D /* Release */ = {
			isa = XCBuildConfiguration;
			buildSettings = {
				ALWAYS_SEARCH_USER_PATHS = NO;
				CLANG_ANALYZER_NONNULL = YES;
				CLANG_ANALYZER_NUMBER_OBJECT_CONVERSION = YES_AGGRESSIVE;
				CLANG_CXX_LANGUAGE_STANDARD = "gnu++14";
				CLANG_CXX_LIBRARY = "libc++";
				CLANG_ENABLE_MODULES = YES;
				CLANG_ENABLE_OBJC_ARC = YES;
				CLANG_ENABLE_OBJC_WEAK = YES;
				CLANG_WARN_BLOCK_CAPTURE_AUTORELEASING = YES;
				CLANG_WARN_BOOL_CONVERSION = YES;
				CLANG_WARN_COMMA = YES;
				CLANG_WARN_CONSTANT_CONVERSION = YES;
				CLANG_WARN_DEPRECATED_OBJC_IMPLEMENTATIONS = YES;
				CLANG_WARN_DIRECT_OBJC_ISA_USAGE = YES_ERROR;
				CLANG_WARN_DOCUMENTATION_COMMENTS = YES;
				CLANG_WARN_EMPTY_BODY = YES;
				CLANG_WARN_ENUM_CONVERSION = YES;
				CLANG_WARN_INFINITE_RECURSION = YES;
				CLANG_WARN_INT_CONVERSION = YES;
				CLANG_WARN_NON_LITERAL_NULL_CONVERSION = YES;
				CLANG_WARN_OBJC_IMPLICIT_RETAIN_SELF = YES;
				CLANG_WARN_OBJC_LITERAL_CONVERSION = YES;
				CLANG_WARN_OBJC_ROOT_CLASS = YES_ERROR;
				CLANG_WARN_QUOTED_INCLUDE_IN_FRAMEWORK_HEADER = YES;
				CLANG_WARN_RANGE_LOOP_ANALYSIS = YES;
				CLANG_WARN_STRICT_PROTOTYPES = YES;
				CLANG_WARN_SUSPICIOUS_MOVE = YES;
				CLANG_WARN_UNGUARDED_AVAILABILITY = YES_AGGRESSIVE;
				CLANG_WARN_UNREACHABLE_CODE = YES;
				CLANG_WARN__DUPLICATE_METHOD_MATCH = YES;
				COPY_PHASE_STRIP = NO;
				DEBUG_INFORMATION_FORMAT = "dwarf-with-dsym";
				ENABLE_NS_ASSERTIONS = NO;
				ENABLE_STRICT_OBJC_MSGSEND = YES;
				GCC_C_LANGUAGE_STANDARD = gnu11;
				GCC_NO_COMMON_BLOCKS = YES;
				GCC_WARN_64_TO_32_BIT_CONVERSION = YES;
				GCC_WARN_ABOUT_RETURN_TYPE = YES_ERROR;
				GCC_WARN_UNDECLARED_SELECTOR = YES;
				GCC_WARN_UNINITIALIZED_AUTOS = YES_AGGRESSIVE;
				GCC_WARN_UNUSED_FUNCTION = YES;
				GCC_WARN_UNUSED_VARIABLE = YES;
				IPHONEOS_DEPLOYMENT_TARGET = 14.4;
				MTL_ENABLE_DEBUG_INFO = NO;
				MTL_FAST_MATH = YES;
				SDKROOT = iphoneos;
				SWIFT_COMPILATION_MODE = wholemodule;
				SWIFT_OPTIMIZATION_LEVEL = "-O";
				VALIDATE_PRODUCT = YES;
			};
			name = Release;
		};
		13F7482B25D62E200095A89D /* Debug */ = {
			isa = XCBuildConfiguration;
			baseConfigurationReference = 027E9B1785E5E1EBB0CB3CF9 /* Pods-UniversityConnect.debug.xcconfig */;
			buildSettings = {
				ASSETCATALOG_COMPILER_APPICON_NAME = AppIcon;
				ASSETCATALOG_COMPILER_GLOBAL_ACCENT_COLOR_NAME = AccentColor;
				CODE_SIGN_STYLE = Automatic;
				DEVELOPMENT_TEAM = 4YS5KGPXS7;
				INFOPLIST_FILE = UniversityConnect/Info.plist;
				IPHONEOS_DEPLOYMENT_TARGET = 14.1;
				LD_RUNPATH_SEARCH_PATHS = (
					"$(inherited)",
					"@executable_path/Frameworks",
				);
				PRODUCT_BUNDLE_IDENTIFIER = com.abrahamcalvillo.UniversityConnect;
				PRODUCT_NAME = "$(TARGET_NAME)";
				SWIFT_VERSION = 5.0;
				TARGETED_DEVICE_FAMILY = "1,2";
			};
			name = Debug;
		};
		13F7482C25D62E200095A89D /* Release */ = {
			isa = XCBuildConfiguration;
			baseConfigurationReference = 0946065D55C5AFA318F2426F /* Pods-UniversityConnect.release.xcconfig */;
			buildSettings = {
				ASSETCATALOG_COMPILER_APPICON_NAME = AppIcon;
				ASSETCATALOG_COMPILER_GLOBAL_ACCENT_COLOR_NAME = AccentColor;
				CODE_SIGN_STYLE = Automatic;
				DEVELOPMENT_TEAM = 4YS5KGPXS7;
				INFOPLIST_FILE = UniversityConnect/Info.plist;
				IPHONEOS_DEPLOYMENT_TARGET = 14.1;
				LD_RUNPATH_SEARCH_PATHS = (
					"$(inherited)",
					"@executable_path/Frameworks",
				);
				PRODUCT_BUNDLE_IDENTIFIER = com.abrahamcalvillo.UniversityConnect;
				PRODUCT_NAME = "$(TARGET_NAME)";
				SWIFT_VERSION = 5.0;
				TARGETED_DEVICE_FAMILY = "1,2";
			};
			name = Release;
		};
/* End XCBuildConfiguration section */

/* Begin XCConfigurationList section */
		13F7481125D62E1D0095A89D /* Build configuration list for PBXProject "UniversityConnect" */ = {
			isa = XCConfigurationList;
			buildConfigurations = (
				13F7482825D62E200095A89D /* Debug */,
				13F7482925D62E200095A89D /* Release */,
			);
			defaultConfigurationIsVisible = 0;
			defaultConfigurationName = Release;
		};
		13F7482A25D62E200095A89D /* Build configuration list for PBXNativeTarget "UniversityConnect" */ = {
			isa = XCConfigurationList;
			buildConfigurations = (
				13F7482B25D62E200095A89D /* Debug */,
				13F7482C25D62E200095A89D /* Release */,
			);
			defaultConfigurationIsVisible = 0;
			defaultConfigurationName = Release;
		};
/* End XCConfigurationList section */
	};
	rootObject = 13F7480E25D62E1D0095A89D /* Project object */;
}
